{
  "name": "@userdashboard/stripe-connect",
  "version": "1.0.25",
  "lockfileVersion": 1,
  "requires": true,
  "dependencies": {
    "@userdashboard/maxmind-geoip": {
      "version": "1.0.41",
      "resolved": "https://registry.npmjs.org/@userdashboard/maxmind-geoip/-/maxmind-geoip-1.0.41.tgz",
      "integrity": "sha512-vVB+kNBujT49dQJcPGi+fEIO5Lh/u2osVXhCjQmVom+6fEV+ELFvwJGEj8zFp51DfgL8fz0o80RiS6rIiNCT0Q==",
      "requires": {
        "maxmind": "^2.12.0"
      },
      "dependencies": {
        "big-integer": {
          "version": "1.6.45",
          "resolved": "https://registry.npmjs.org/big-integer/-/big-integer-1.6.45.tgz",
          "integrity": "sha512-nmb9E7oEtVJ7SmSCH/DeJobXyuRmaofkpoQSimMFu3HKJ5MADtM825SPLhDuWhZ6TElLAQtgJbQmBZuHIRlZoA=="
        },
        "maxmind": {
          "version": "2.12.0",
          "resolved": "https://registry.npmjs.org/maxmind/-/maxmind-2.12.0.tgz",
          "integrity": "sha512-gnLdeLg0GFYlrtPt2122RYrRUy8OWxrhYEDCORaUkr6AvKXnLfnNpsFmWUOBYkvZK17XX4NeuMwnjIQM9EcxTw==",
          "requires": {
            "big-integer": "^1.6.31",
            "tiny-lru": "^6.0.0"
          }
        },
        "tiny-lru": {
          "version": "6.1.0",
          "resolved": "https://registry.npmjs.org/tiny-lru/-/tiny-lru-6.1.0.tgz",
          "integrity": "sha512-lbz53M11ioFDKxPUBR2UVK7a8JolPZpSkzL0iXW60fpvU98P9+VqWQ7bGGJpGjqnIlILQzl9r+fikhqbcOs7bg=="
        }
      }
    },
    "qs": {
      "version": "6.9.0",
      "resolved": "https://registry.npmjs.org/qs/-/qs-6.9.0.tgz",
      "integrity": "sha512-27RP4UotQORTpmNQDX8BHPukOnBP3p1uUJY5UnDhaJB+rMt9iMsok724XL+UHU23bEFOHRMQ2ZhI99qOWUMGFA=="
    },
    "stripe": {
      "version": "7.12.0",
      "resolved": "https://registry.npmjs.org/stripe/-/stripe-7.12.0.tgz",
      "integrity": "sha512-h/NMB7E+0WgDuEOdfrS9giYmTfQRvOoKHdYaKzo9V0hxilXopVJd3ZZQ47193rAOHjIhmuCDtQRb3gEEm24gKg==",
      "requires": {
        "qs": "^6.6.0"
      }
    }
  }
}
