{
  "name": "@userdashboard/stripe-connect",
  "version": "1.0.18",
  "lockfileVersion": 1,
  "requires": true,
  "dependencies": {
    "@userdashboard/maxmind-geoip": {
      "version": "1.0.39",
      "resolved": "https://registry.npmjs.org/@userdashboard/maxmind-geoip/-/maxmind-geoip-1.0.39.tgz",
      "integrity": "sha512-qg94sXP53zu4sPRnOtPI0winbIQ6ATwEWqwl7prFM2gNXmwWfOm4MriXUf/46/3iA3Wu18Fs2473X+hkCn1w6A==",
      "requires": {
        "maxmind": "^2.12.0"
      },
      "dependencies": {
        "big-integer": {
          "version": "1.6.44",
          "resolved": "https://registry.npmjs.org/big-integer/-/big-integer-1.6.44.tgz",
          "integrity": "sha512-7MzElZPTyJ2fNvBkPxtFQ2fWIkVmuzw41+BZHSzpEq3ymB2MfeKp1+yXl/tS75xCx+WnyV+yb0kp+K1C3UNwmQ=="
        },
        "maxmind": {
          "version": "2.12.0",
          "resolved": "https://registry.npmjs.org/maxmind/-/maxmind-2.12.0.tgz",
          "integrity": "sha512-gnLdeLg0GFYlrtPt2122RYrRUy8OWxrhYEDCORaUkr6AvKXnLfnNpsFmWUOBYkvZK17XX4NeuMwnjIQM9EcxTw==",
          "requires": {
            "big-integer": "^1.6.31",
            "tiny-lru": "^6.0.0"
          }
        },
        "tiny-lru": {
          "version": "6.0.1",
          "resolved": "https://registry.npmjs.org/tiny-lru/-/tiny-lru-6.0.1.tgz",
          "integrity": "sha512-k/vdHz+bFALjmik0URLWBYNuO0hCABTL5dullbZBXvFDdlL8RrKaeLR6YuHfX+6ZXOLkHw+HpNLCUA7DtLMQmg=="
        }
      }
    },
    "qs": {
      "version": "6.9.0",
      "resolved": "https://registry.npmjs.org/qs/-/qs-6.9.0.tgz",
      "integrity": "sha512-27RP4UotQORTpmNQDX8BHPukOnBP3p1uUJY5UnDhaJB+rMt9iMsok724XL+UHU23bEFOHRMQ2ZhI99qOWUMGFA=="
    },
    "stripe": {
      "version": "7.9.1",
      "resolved": "https://registry.npmjs.org/stripe/-/stripe-7.9.1.tgz",
      "integrity": "sha512-8RzWlQD2/X/1YdzHtd5PYG0/GyAicxddW0TL54SIFq2ivaDoeJg3YLn9rxcmrnkmmuW8aU7yeByKjNGI8QrVxw==",
      "requires": {
        "qs": "^6.6.0"
      }
    }
  }
}
